
Microsoft Visual Studio Solution File, Format Version 12.00
# Visual Studio Version 16
VisualStudioVersion = 16.0.31424.327
MinimumVisualStudioVersion = 10.0.40219.1
Project("{FAE04EC0-301F-11D3-BF4B-00C04F79EFBC}") = "WindowsFormsApp6", "WindowsFormsApp6\WindowsFormsApp6.csproj", "{5D70A008-A79A-4153-BA10-B480D4C84D83}"
EndProject
Global
	GlobalSection(SolutionConfigurationPlatforms) = preSolution
		Debug|Any CPU = Debug|Any CPU
		Release|Any CPU = Release|Any CPU
	EndGlobalSection
	GlobalSection(ProjectConfigurationPlatforms) = postSolution
		{5D70A008-A79A-4153-BA10-B480D4C84D83}.Debug|Any CPU.ActiveCfg = Debug|Any CPU
		{5D70A008-A79A-4153-BA10-B480D4C84D83}.Debug|Any CPU.Build.0 = Debug|Any CPU
		{5D70A008-A79A-4153-BA10-B480D4C84D83}.Release|Any CPU.ActiveCfg = Release|Any CPU
		{5D70A008-A79A-4153-BA10-B480D4C84D83}.Release|Any CPU.Build.0 = Release|Any CPU
	EndGlobalSection
	GlobalSection(SolutionProperties) = preSolution
		HideSolutionNode = FALSE
	EndGlobalSection
	GlobalSection(ExtensibilityGlobals) = postSolution
		SolutionGuid = {E5455692-8517-480B-B1C9-82EEA06CF010}
	EndGlobalSection
EndGlobal
